
Microsoft Visual Studio Solution File, Format Version 12.00
# Visual Studio Version 17
VisualStudioVersion = 17.9.34607.119
MinimumVisualStudioVersion = 10.0.40219.1
Project("{9A19103F-16F7-4668-BE54-9A1E7A4F7556}") = "AdapterPattern", "AdapterPattern\AdapterPattern.csproj", "{B9E88F1A-569D-449F-8E78-2582620AB11D}"
EndProject
Project("{FAE04EC0-301F-11D3-BF4B-00C04F79EFBC}") = "AdapterExercise", "AdapterExercise\AdapterExercise.csproj", "{FFE13269-B1F7-406D-AB38-4E4724ADC318}"
EndProject
Global
	GlobalSection(SolutionConfigurationPlatforms) = preSolution
		Debug|Any CPU = Debug|Any CPU
		Release|Any CPU = Release|Any CPU
	EndGlobalSection
	GlobalSection(ProjectConfigurationPlatforms) = postSolution
		{B9E88F1A-569D-449F-8E78-2582620AB11D}.Debug|Any CPU.ActiveCfg = Debug|Any CPU
		{B9E88F1A-569D-449F-8E78-2582620AB11D}.Debug|Any CPU.Build.0 = Debug|Any CPU
		{B9E88F1A-569D-449F-8E78-2582620AB11D}.Release|Any CPU.ActiveCfg = Release|Any CPU
		{B9E88F1A-569D-449F-8E78-2582620AB11D}.Release|Any CPU.Build.0 = Release|Any CPU
		{FFE13269-B1F7-406D-AB38-4E4724ADC318}.Debug|Any CPU.ActiveCfg = Debug|Any CPU
		{FFE13269-B1F7-406D-AB38-4E4724ADC318}.Debug|Any CPU.Build.0 = Debug|Any CPU
		{FFE13269-B1F7-406D-AB38-4E4724ADC318}.Release|Any CPU.ActiveCfg = Release|Any CPU
		{FFE13269-B1F7-406D-AB38-4E4724ADC318}.Release|Any CPU.Build.0 = Release|Any CPU
	EndGlobalSection
	GlobalSection(SolutionProperties) = preSolution
		HideSolutionNode = FALSE
	EndGlobalSection
	GlobalSection(ExtensibilityGlobals) = postSolution
		SolutionGuid = {C68BB9AD-D6C5-47B2-88E3-84CA904EF3EC}
	EndGlobalSection
EndGlobal
